
Microsoft Visual Studio Solution File, Format Version 12.00
# Visual Studio Version 17
VisualStudioVersion = 17.11.35312.102
MinimumVisualStudioVersion = 10.0.40219.1
Project("{FAE04EC0-301F-11D3-BF4B-00C04F79EFBC}") = "Week4Loops", "Week4Loops\Week4Loops.csproj", "{461AA3D3-2978-420A-9D46-80D1FA6CB80C}"
EndProject
Project("{FAE04EC0-301F-11D3-BF4B-00C04F79EFBC}") = "ForLoopSum", "ForLoopSum\ForLoopSum.csproj", "{9DDCD35B-1AA7-4286-827B-092706D08258}"
EndProject
Project("{FAE04EC0-301F-11D3-BF4B-00C04F79EFBC}") = "RandomNumber", "RandomNumber\RandomNumber.csproj", "{9FD7FAF1-917E-478E-9BEA-2D265B722665}"
EndProject
Project("{FAE04EC0-301F-11D3-BF4B-00C04F79EFBC}") = "WhileLoops", "WhileLoops\WhileLoops.csproj", "{B710C1F8-1553-4A02-9106-6BBFC03C5D96}"
EndProject
Global
	GlobalSection(SolutionConfigurationPlatforms) = preSolution
		Debug|Any CPU = Debug|Any CPU
		Release|Any CPU = Release|Any CPU
	EndGlobalSection
	GlobalSection(ProjectConfigurationPlatforms) = postSolution
		{461AA3D3-2978-420A-9D46-80D1FA6CB80C}.Debug|Any CPU.ActiveCfg = Debug|Any CPU
		{461AA3D3-2978-420A-9D46-80D1FA6CB80C}.Debug|Any CPU.Build.0 = Debug|Any CPU
		{461AA3D3-2978-420A-9D46-80D1FA6CB80C}.Release|Any CPU.ActiveCfg = Release|Any CPU
		{461AA3D3-2978-420A-9D46-80D1FA6CB80C}.Release|Any CPU.Build.0 = Release|Any CPU
		{9DDCD35B-1AA7-4286-827B-092706D08258}.Debug|Any CPU.ActiveCfg = Debug|Any CPU
		{9DDCD35B-1AA7-4286-827B-092706D08258}.Debug|Any CPU.Build.0 = Debug|Any CPU
		{9DDCD35B-1AA7-4286-827B-092706D08258}.Release|Any CPU.ActiveCfg = Release|Any CPU
		{9DDCD35B-1AA7-4286-827B-092706D08258}.Release|Any CPU.Build.0 = Release|Any CPU
		{9FD7FAF1-917E-478E-9BEA-2D265B722665}.Debug|Any CPU.ActiveCfg = Debug|Any CPU
		{9FD7FAF1-917E-478E-9BEA-2D265B722665}.Debug|Any CPU.Build.0 = Debug|Any CPU
		{9FD7FAF1-917E-478E-9BEA-2D265B722665}.Release|Any CPU.ActiveCfg = Release|Any CPU
		{9FD7FAF1-917E-478E-9BEA-2D265B722665}.Release|Any CPU.Build.0 = Release|Any CPU
		{B710C1F8-1553-4A02-9106-6BBFC03C5D96}.Debug|Any CPU.ActiveCfg = Debug|Any CPU
		{B710C1F8-1553-4A02-9106-6BBFC03C5D96}.Debug|Any CPU.Build.0 = Debug|Any CPU
		{B710C1F8-1553-4A02-9106-6BBFC03C5D96}.Release|Any CPU.ActiveCfg = Release|Any CPU
		{B710C1F8-1553-4A02-9106-6BBFC03C5D96}.Release|Any CPU.Build.0 = Release|Any CPU
	EndGlobalSection
	GlobalSection(SolutionProperties) = preSolution
		HideSolutionNode = FALSE
	EndGlobalSection
	GlobalSection(ExtensibilityGlobals) = postSolution
		SolutionGuid = {39636993-BF3D-4B4D-8D65-4421B17127C5}
	EndGlobalSection
EndGlobal
